
Microsoft Visual Studio Solution File, Format Version 12.00
# Visual Studio 15
VisualStudioVersion = 15.0.28307.572
MinimumVisualStudioVersion = 10.0.40219.1
Project("{FAE04EC0-301F-11D3-BF4B-00C04F79EFBC}") = "Metatron", "Metatron\Metatron.csproj", "{C195FEDF-C108-4619-B819-68FDA32835D9}"
EndProject
Global
	GlobalSection(SolutionConfigurationPlatforms) = preSolution
		Debug|Any CPU = Debug|Any CPU
		Release|Any CPU = Release|Any CPU
	EndGlobalSection
	GlobalSection(ProjectConfigurationPlatforms) = postSolution
		{C195FEDF-C108-4619-B819-68FDA32835D9}.Debug|Any CPU.ActiveCfg = Debug|Any CPU
		{C195FEDF-C108-4619-B819-68FDA32835D9}.Debug|Any CPU.Build.0 = Debug|Any CPU
		{C195FEDF-C108-4619-B819-68FDA32835D9}.Release|Any CPU.ActiveCfg = Release|Any CPU
		{C195FEDF-C108-4619-B819-68FDA32835D9}.Release|Any CPU.Build.0 = Release|Any CPU
	EndGlobalSection
	GlobalSection(SolutionProperties) = preSolution
		HideSolutionNode = FALSE
	EndGlobalSection
	GlobalSection(ExtensibilityGlobals) = postSolution
		SolutionGuid = {E80D478D-1731-4931-B974-B2D609D4EF67}
	EndGlobalSection
EndGlobal
